
Microsoft Visual Studio Solution File, Format Version 12.00
# Visual Studio Version 17
VisualStudioVersion = 17.7.34221.43
MinimumVisualStudioVersion = 10.0.40219.1
Project("{9A19103F-16F7-4668-BE54-9A1E7A4F7556}") = "MissingValues", "MissingValues\MissingValues.csproj", "{C1E8DC16-4916-41E6-8439-402077BF5CAD}"
EndProject
Project("{9A19103F-16F7-4668-BE54-9A1E7A4F7556}") = "Test.MissingNumber", "Test.MissingNumber\Test.MissingNumber.csproj", "{53FE1F91-DCBD-4854-8C09-4D6E0DCBE620}"
EndProject
Global
	GlobalSection(SolutionConfigurationPlatforms) = preSolution
		Debug|Any CPU = Debug|Any CPU
		Release|Any CPU = Release|Any CPU
	EndGlobalSection
	GlobalSection(ProjectConfigurationPlatforms) = postSolution
		{C1E8DC16-4916-41E6-8439-402077BF5CAD}.Debug|Any CPU.ActiveCfg = Debug|Any CPU
		{C1E8DC16-4916-41E6-8439-402077BF5CAD}.Debug|Any CPU.Build.0 = Debug|Any CPU
		{C1E8DC16-4916-41E6-8439-402077BF5CAD}.Release|Any CPU.ActiveCfg = Release|Any CPU
		{C1E8DC16-4916-41E6-8439-402077BF5CAD}.Release|Any CPU.Build.0 = Release|Any CPU
		{53FE1F91-DCBD-4854-8C09-4D6E0DCBE620}.Debug|Any CPU.ActiveCfg = Debug|Any CPU
		{53FE1F91-DCBD-4854-8C09-4D6E0DCBE620}.Debug|Any CPU.Build.0 = Debug|Any CPU
		{53FE1F91-DCBD-4854-8C09-4D6E0DCBE620}.Release|Any CPU.ActiveCfg = Release|Any CPU
		{53FE1F91-DCBD-4854-8C09-4D6E0DCBE620}.Release|Any CPU.Build.0 = Release|Any CPU
	EndGlobalSection
	GlobalSection(SolutionProperties) = preSolution
		HideSolutionNode = FALSE
	EndGlobalSection
	GlobalSection(ExtensibilityGlobals) = postSolution
		SolutionGuid = {E539F4B4-CF93-4084-8AAF-8F590363A26C}
	EndGlobalSection
EndGlobal
