
Microsoft Visual Studio Solution File, Format Version 12.00
# Visual Studio Version 17
VisualStudioVersion = 17.7.34221.43
MinimumVisualStudioVersion = 10.0.40219.1
Project("{FAE04EC0-301F-11D3-BF4B-00C04F79EFBC}") = "MissingValues", "MissingValues.csproj", "{C9F500CF-D794-4FF0-A2D4-F2564BE27FAF}"
EndProject
Project("{FAE04EC0-301F-11D3-BF4B-00C04F79EFBC}") = "Test.MissingNumber", "..\Test.MissingNumber\Test.MissingNumber.csproj", "{4D673655-E0A3-469C-ABB2-4F0B7D25D47B}"
EndProject
Global
	GlobalSection(SolutionConfigurationPlatforms) = preSolution
		Debug|Any CPU = Debug|Any CPU
		Release|Any CPU = Release|Any CPU
	EndGlobalSection
	GlobalSection(ProjectConfigurationPlatforms) = postSolution
		{C9F500CF-D794-4FF0-A2D4-F2564BE27FAF}.Debug|Any CPU.ActiveCfg = Debug|Any CPU
		{C9F500CF-D794-4FF0-A2D4-F2564BE27FAF}.Debug|Any CPU.Build.0 = Debug|Any CPU
		{C9F500CF-D794-4FF0-A2D4-F2564BE27FAF}.Release|Any CPU.ActiveCfg = Release|Any CPU
		{C9F500CF-D794-4FF0-A2D4-F2564BE27FAF}.Release|Any CPU.Build.0 = Release|Any CPU
		{4D673655-E0A3-469C-ABB2-4F0B7D25D47B}.Debug|Any CPU.ActiveCfg = Debug|Any CPU
		{4D673655-E0A3-469C-ABB2-4F0B7D25D47B}.Debug|Any CPU.Build.0 = Debug|Any CPU
		{4D673655-E0A3-469C-ABB2-4F0B7D25D47B}.Release|Any CPU.ActiveCfg = Release|Any CPU
		{4D673655-E0A3-469C-ABB2-4F0B7D25D47B}.Release|Any CPU.Build.0 = Release|Any CPU
	EndGlobalSection
	GlobalSection(SolutionProperties) = preSolution
		HideSolutionNode = FALSE
	EndGlobalSection
	GlobalSection(ExtensibilityGlobals) = postSolution
		SolutionGuid = {A484DFF9-E9E8-4A7F-95CE-EC9E4363C953}
	EndGlobalSection
EndGlobal
